
Microsoft Visual Studio Solution File, Format Version 12.00
# Visual Studio Version 16
VisualStudioVersion = 16.0.31702.278
MinimumVisualStudioVersion = 10.0.40219.1
Project("{FAE04EC0-301F-11D3-BF4B-00C04F79EFBC}") = "SyntatticSugar", "SyntatticSugar.csproj", "{83A57ED9-F6E8-40D4-9823-930FAC8BCBD6}"
EndProject
Global
	GlobalSection(SolutionConfigurationPlatforms) = preSolution
		Debug|Any CPU = Debug|Any CPU
		Release|Any CPU = Release|Any CPU
	EndGlobalSection
	GlobalSection(ProjectConfigurationPlatforms) = postSolution
		{83A57ED9-F6E8-40D4-9823-930FAC8BCBD6}.Debug|Any CPU.ActiveCfg = Debug|Any CPU
		{83A57ED9-F6E8-40D4-9823-930FAC8BCBD6}.Debug|Any CPU.Build.0 = Debug|Any CPU
		{83A57ED9-F6E8-40D4-9823-930FAC8BCBD6}.Release|Any CPU.ActiveCfg = Release|Any CPU
		{83A57ED9-F6E8-40D4-9823-930FAC8BCBD6}.Release|Any CPU.Build.0 = Release|Any CPU
	EndGlobalSection
	GlobalSection(SolutionProperties) = preSolution
		HideSolutionNode = FALSE
	EndGlobalSection
	GlobalSection(ExtensibilityGlobals) = postSolution
		SolutionGuid = {CB1ED474-6E90-433C-B893-2DE7ACA8A7FC}
	EndGlobalSection
EndGlobal
